{
  "name": "mult213 demo oct29",
  "version": "1.0.0",
  "lockfileVersion": 3,
  "requires": true,
  "packages": {
    "": {
      "name": "mult213 demo oct29",
      "version": "1.0.0",
      "license": "ISC",
      "dependencies": {
        "@neth4ck/neth4ck": "^1.0.4",
        "hyper-nh": "^0.0.2",
        "xkcd": "^1.1.3"
      }
    },
    "node_modules/@hyperswarm/dht": {
      "version": "6.5.1",
      "resolved": "https://registry.npmjs.org/@hyperswarm/dht/-/dht-6.5.1.tgz",
      "integrity": "sha512-TTTOzuwqbmXNwl+b2FXeHCoR2QS1sqxQvqXwv2i54sdEkKmF8f8t4U8PsRGk5PUO3qA6GxlMThvXixg9Fgs4Yw==",
      "dependencies": {
        "@hyperswarm/secret-stream": "^6.0.0",
        "b4a": "^1.3.1",
        "bogon": "^1.0.0",
        "compact-encoding": "^2.4.1",
        "compact-encoding-net": "^1.0.1",
        "debugging-stream": "^2.0.0",
        "dht-rpc": "^6.6.3",
        "events": "^3.3.0",
        "hypercore-crypto": "^3.3.0",
        "noise-curve-ed": "^2.0.0",
        "noise-handshake": "^3.0.0",
        "record-cache": "^1.1.1",
        "safety-catch": "^1.0.1",
        "sodium-universal": "^4.0.0",
        "xache": "^1.1.0"
      },
      "bin": {
        "hyperswarm-dht": "bin.js"
      }
    },
    "node_modules/@hyperswarm/dht/node_modules/sodium-native": {
      "version": "4.3.3",
      "resolved": "https://registry.npmjs.org/sodium-native/-/sodium-native-4.3.3.tgz",
      "integrity": "sha512-OnxSlN3uyY8D0EsLHpmm2HOFmKddQVvEMmsakCrXUzSd8kjjbzL413t4ZNF3n0UxSwNgwTyUvkmZHTfuCeiYSw==",
      "dependencies": {
        "require-addon": "^1.1.0"
      }
    },
    "node_modules/@hyperswarm/dht/node_modules/sodium-universal": {
      "version": "4.0.1",
      "resolved": "https://registry.npmjs.org/sodium-universal/-/sodium-universal-4.0.1.tgz",
      "integrity": "sha512-sNp13PrxYLaUFHTGoDKkSDFvoEu51bfzE12RwGlqU1fcrkpAOK0NvizaJzOWV0Omtk9me2+Pnbjcf/l0efxuGQ==",
      "dependencies": {
        "sodium-native": "^4.0.0"
      },
      "peerDependencies": {
        "sodium-javascript": "~0.8.0"
      },
      "peerDependenciesMeta": {
        "sodium-javascript": {
          "optional": true
        }
      }
    },
    "node_modules/@hyperswarm/secret-stream": {
      "version": "6.9.1",
      "resolved": "https://registry.npmjs.org/@hyperswarm/secret-stream/-/secret-stream-6.9.1.tgz",
      "integrity": "sha512-xb0S5y3YJwBakD77JOGBHlBxdp63mHClZoXBYoLv+9wH8e054ESKlmQptWqjJK5dv5VMUIVYOJB4MaOpB0JdGw==",
      "dependencies": {
        "b4a": "^1.1.0",
        "hypercore-crypto": "^3.3.1",
        "noise-curve-ed": "^2.0.1",
        "noise-handshake": "^4.0.0",
        "sodium-secretstream": "^1.1.0",
        "sodium-universal": "^5.0.0",
        "streamx": "^2.14.0",
        "timeout-refresh": "^2.0.0",
        "unslab": "^1.3.0"
      }
    },
    "node_modules/@hyperswarm/secret-stream/node_modules/noise-handshake": {
      "version": "4.1.0",
      "resolved": "https://registry.npmjs.org/noise-handshake/-/noise-handshake-4.1.0.tgz",
      "integrity": "sha512-ZHt2+mOXTvjtaWS2h/JPvQjmknfKrEld2xdSsRYWXnYiJmK/N+dtxrDVSt1cr9wGAlhH7Ek43lIZNsL5bVeX9A==",
      "dependencies": {
        "b4a": "^1.1.0",
        "nanoassert": "^2.0.0",
        "sodium-universal": "^5.0.0"
      }
    },
    "node_modules/@hyperswarm/secret-stream/node_modules/sodium-native": {
      "version": "5.0.9",
      "resolved": "https://registry.npmjs.org/sodium-native/-/sodium-native-5.0.9.tgz",
      "integrity": "sha512-6fpu3d6zdrRpLhuV3CDIBO5g90KkgaeR+c3xvDDz0ZnDkAlqbbPhFW7zhMJfsskfZ9SuC3SvBbqvxcECkXRyKw==",
      "dependencies": {
        "require-addon": "^1.1.0",
        "which-runtime": "^1.2.1"
      },
      "engines": {
        "bare": ">=1.16.0"
      }
    },
    "node_modules/@hyperswarm/secret-stream/node_modules/sodium-universal": {
      "version": "5.0.1",
      "resolved": "https://registry.npmjs.org/sodium-universal/-/sodium-universal-5.0.1.tgz",
      "integrity": "sha512-rv+aH+tnKB5H0MAc2UadHShLMslpJsc4wjdnHRtiSIEYpOetCgu8MS4ExQRia+GL/MK3uuCyZPeEsi+J3h+Q+Q==",
      "dependencies": {
        "sodium-native": "^5.0.1"
      },
      "peerDependencies": {
        "sodium-javascript": "~0.8.0"
      },
      "peerDependenciesMeta": {
        "sodium-javascript": {
          "optional": true
        }
      }
    },
    "node_modules/@neth4ck/neth4ck": {
      "version": "1.0.4",
      "resolved": "https://registry.npmjs.org/@neth4ck/neth4ck/-/neth4ck-1.0.4.tgz",
      "integrity": "sha512-g1egaCvLa7qAcMJSNlDzciN4rMiWxuc7HIiLuidAmSC4/y8ayEtNz3pxDzuccpE7rmBtlTorZIm02zTBC8zkHw=="
    },
    "node_modules/b4a": {
      "version": "1.7.3",
      "resolved": "https://registry.npmjs.org/b4a/-/b4a-1.7.3.tgz",
      "integrity": "sha512-5Q2mfq2WfGuFp3uS//0s6baOJLMoVduPYVeNmDYxu5OUA1/cBfvr2RIS7vi62LdNj/urk1hfmj867I3qt6uZ7Q==",
      "peerDependencies": {
        "react-native-b4a": "*"
      },
      "peerDependenciesMeta": {
        "react-native-b4a": {
          "optional": true
        }
      }
    },
    "node_modules/bare-addon-resolve": {
      "version": "1.9.5",
      "resolved": "https://registry.npmjs.org/bare-addon-resolve/-/bare-addon-resolve-1.9.5.tgz",
      "integrity": "sha512-XdqrG73zLK9LDfblOJwoAxmJ+7YdfRW4ex46+f4L+wPhk7H7LDrRMAbBw8s8jkxeEFpUenyB7QHnv0ErAWd3Yg==",
      "dependencies": {
        "bare-module-resolve": "^1.10.0",
        "bare-semver": "^1.0.0"
      },
      "peerDependencies": {
        "bare-url": "*"
      },
      "peerDependenciesMeta": {
        "bare-url": {
          "optional": true
        }
      }
    },
    "node_modules/bare-events": {
      "version": "2.8.1",
      "resolved": "https://registry.npmjs.org/bare-events/-/bare-events-2.8.1.tgz",
      "integrity": "sha512-oxSAxTS1hRfnyit2CL5QpAOS5ixfBjj6ex3yTNvXyY/kE719jQ/IjuESJBK2w5v4wwQRAHGseVJXx9QBYOtFGQ==",
      "peerDependencies": {
        "bare-abort-controller": "*"
      },
      "peerDependenciesMeta": {
        "bare-abort-controller": {
          "optional": true
        }
      }
    },
    "node_modules/bare-module-resolve": {
      "version": "1.11.2",
      "resolved": "https://registry.npmjs.org/bare-module-resolve/-/bare-module-resolve-1.11.2.tgz",
      "integrity": "sha512-HIBu9WacMejg3Dz4X1v6lJjp7ECnwpujvuLub+8I7JJLRwJaGxWMzGYvieOoS9R1n5iRByvTmLtIdPbwjfRgiQ==",
      "dependencies": {
        "bare-semver": "^1.0.0"
      },
      "peerDependencies": {
        "bare-url": "*"
      },
      "peerDependenciesMeta": {
        "bare-url": {
          "optional": true
        }
      }
    },
    "node_modules/bare-os": {
      "version": "3.6.2",
      "resolved": "https://registry.npmjs.org/bare-os/-/bare-os-3.6.2.tgz",
      "integrity": "sha512-T+V1+1srU2qYNBmJCXZkUY5vQ0B4FSlL3QDROnKQYOqeiQR8UbjNHlPa+TIbM4cuidiN9GaTaOZgSEgsvPbh5A==",
      "engines": {
        "bare": ">=1.14.0"
      }
    },
    "node_modules/bare-path": {
      "version": "3.0.0",
      "resolved": "https://registry.npmjs.org/bare-path/-/bare-path-3.0.0.tgz",
      "integrity": "sha512-tyfW2cQcB5NN8Saijrhqn0Zh7AnFNsnczRcuWODH0eYAXBsJ5gVxAUuNr7tsHSC6IZ77cA0SitzT+s47kot8Mw==",
      "dependencies": {
        "bare-os": "^3.0.1"
      }
    },
    "node_modules/bare-semver": {
      "version": "1.0.2",
      "resolved": "https://registry.npmjs.org/bare-semver/-/bare-semver-1.0.2.tgz",
      "integrity": "sha512-ESVaN2nzWhcI5tf3Zzcq9aqCZ676VWzqw07eEZ0qxAcEOAFYBa0pWq8sK34OQeHLY3JsfKXZS9mDyzyxGjeLzA=="
    },
    "node_modules/bare-url": {
      "version": "2.3.1",
      "resolved": "https://registry.npmjs.org/bare-url/-/bare-url-2.3.1.tgz",
      "integrity": "sha512-v2yl0TnaZTdEnelkKtXZGnotiV6qATBlnNuUMrHl6v9Lmmrh9mw9RYyImPU7/4RahumSwQS1k2oKXcRfXcbjJw==",
      "dependencies": {
        "bare-path": "^3.0.0"
      }
    },
    "node_modules/blake2b": {
      "version": "2.1.4",
      "resolved": "https://registry.npmjs.org/blake2b/-/blake2b-2.1.4.tgz",
      "integrity": "sha512-AyBuuJNI64gIvwx13qiICz6H6hpmjvYS5DGkG6jbXMOT8Z3WUJ3V1X0FlhIoT1b/5JtHE3ki+xjtMvu1nn+t9A==",
      "dependencies": {
        "blake2b-wasm": "^2.4.0",
        "nanoassert": "^2.0.0"
      }
    },
    "node_modules/blake2b-wasm": {
      "version": "2.4.0",
      "resolved": "https://registry.npmjs.org/blake2b-wasm/-/blake2b-wasm-2.4.0.tgz",
      "integrity": "sha512-S1kwmW2ZhZFFFOghcx73+ZajEfKBqhP82JMssxtLVMxlaPea1p9uoLiUZ5WYyHn0KddwbLc+0vh4wR0KBNoT5w==",
      "dependencies": {
        "b4a": "^1.0.1",
        "nanoassert": "^2.0.0"
      }
    },
    "node_modules/bogon": {
      "version": "1.1.0",
      "resolved": "https://registry.npmjs.org/bogon/-/bogon-1.1.0.tgz",
      "integrity": "sha512-a6SnToksXHuUlgeMvI/txWmTcKz7c7iBa8f0HbXL4toN1Uza/CTQ4F7n9jSDX49TCpxv3KUP100q4sZfwLyLiw==",
      "dependencies": {
        "compact-encoding": "^2.11.0",
        "compact-encoding-net": "^1.2.0"
      }
    },
    "node_modules/chacha20-universal": {
      "version": "1.0.4",
      "resolved": "https://registry.npmjs.org/chacha20-universal/-/chacha20-universal-1.0.4.tgz",
      "integrity": "sha512-/IOxdWWNa7nRabfe7+oF+jVkGjlr2xUL4J8l/OvzZhj+c9RpMqoo3Dq+5nU1j/BflRV4BKnaQ4+4oH1yBpQG1Q==",
      "dependencies": {
        "nanoassert": "^2.0.0"
      }
    },
    "node_modules/compact-encoding": {
      "version": "2.18.0",
      "resolved": "https://registry.npmjs.org/compact-encoding/-/compact-encoding-2.18.0.tgz",
      "integrity": "sha512-goACAOlhMI2xo5jGOMUDfOLnGdRE1jGfyZ+zie8N5114nHrbPIqf6GLUtzbLof6DSyrERlYRm3EcBplte5LcQw==",
      "dependencies": {
        "b4a": "^1.3.0"
      }
    },
    "node_modules/compact-encoding-net": {
      "version": "1.2.0",
      "resolved": "https://registry.npmjs.org/compact-encoding-net/-/compact-encoding-net-1.2.0.tgz",
      "integrity": "sha512-LVXpNpF7PGQeHRVVLGgYWzuVoYAaDZvKUsUxRioGfkotzvOh4AzoQF1HBH3zMNaSnx7gJXuUr3hkjnijaH/Eng==",
      "dependencies": {
        "compact-encoding": "^2.4.1"
      }
    },
    "node_modules/debugging-stream": {
      "version": "2.0.0",
      "resolved": "https://registry.npmjs.org/debugging-stream/-/debugging-stream-2.0.0.tgz",
      "integrity": "sha512-xwfl6wB/3xc553uwtGnSa94jFxnGOc02C0WU2Nmzwr80gzeqn1FX4VcbvoKIhe8L/lPq4BTQttAbrTN94uN8rA==",
      "dependencies": {
        "streamx": "^2.12.4"
      }
    },
    "node_modules/dht-rpc": {
      "version": "6.20.1",
      "resolved": "https://registry.npmjs.org/dht-rpc/-/dht-rpc-6.20.1.tgz",
      "integrity": "sha512-6FOFbDO2T9c7AdsxBEmk6D1xPrGa64f3TuhNkWRYGx8g84Wbq6gB06IPGelayq8PFZfk6kFD0A6AOAtihqztXQ==",
      "dependencies": {
        "b4a": "^1.6.1",
        "bare-events": "^2.2.0",
        "compact-encoding": "^2.11.0",
        "compact-encoding-net": "^1.2.0",
        "fast-fifo": "^1.1.0",
        "kademlia-routing-table": "^1.0.1",
        "nat-sampler": "^1.0.1",
        "sodium-universal": "^5.0.0",
        "streamx": "^2.13.2",
        "time-ordered-set": "^2.0.0",
        "udx-native": "^1.5.3"
      }
    },
    "node_modules/dht-rpc/node_modules/sodium-native": {
      "version": "5.0.9",
      "resolved": "https://registry.npmjs.org/sodium-native/-/sodium-native-5.0.9.tgz",
      "integrity": "sha512-6fpu3d6zdrRpLhuV3CDIBO5g90KkgaeR+c3xvDDz0ZnDkAlqbbPhFW7zhMJfsskfZ9SuC3SvBbqvxcECkXRyKw==",
      "dependencies": {
        "require-addon": "^1.1.0",
        "which-runtime": "^1.2.1"
      },
      "engines": {
        "bare": ">=1.16.0"
      }
    },
    "node_modules/dht-rpc/node_modules/sodium-universal": {
      "version": "5.0.1",
      "resolved": "https://registry.npmjs.org/sodium-universal/-/sodium-universal-5.0.1.tgz",
      "integrity": "sha512-rv+aH+tnKB5H0MAc2UadHShLMslpJsc4wjdnHRtiSIEYpOetCgu8MS4ExQRia+GL/MK3uuCyZPeEsi+J3h+Q+Q==",
      "dependencies": {
        "sodium-native": "^5.0.1"
      },
      "peerDependencies": {
        "sodium-javascript": "~0.8.0"
      },
      "peerDependenciesMeta": {
        "sodium-javascript": {
          "optional": true
        }
      }
    },
    "node_modules/events": {
      "version": "3.3.0",
      "resolved": "https://registry.npmjs.org/events/-/events-3.3.0.tgz",
      "integrity": "sha512-mQw+2fkQbALzQ7V0MY0IqdnXNOeTtP4r0lN9z7AAawCXgqea7bDii20AYrIBrFd/Hx0M2Ocz6S111CaFkUcb0Q==",
      "engines": {
        "node": ">=0.8.x"
      }
    },
    "node_modules/events-universal": {
      "version": "1.0.1",
      "resolved": "https://registry.npmjs.org/events-universal/-/events-universal-1.0.1.tgz",
      "integrity": "sha512-LUd5euvbMLpwOF8m6ivPCbhQeSiYVNb8Vs0fQ8QjXo0JTkEHpz8pxdQf0gStltaPpw0Cca8b39KxvK9cfKRiAw==",
      "dependencies": {
        "bare-events": "^2.7.0"
      }
    },
    "node_modules/fast-fifo": {
      "version": "1.3.2",
      "resolved": "https://registry.npmjs.org/fast-fifo/-/fast-fifo-1.3.2.tgz",
      "integrity": "sha512-/d9sfos4yxzpwkDkuN7k2SqFKtYNmCTzgfEpz82x34IM9/zc8KGxQoXg1liNC/izpRM/MBdt44Nmx41ZWqk+FQ=="
    },
    "node_modules/function-bind": {
      "version": "1.1.2",
      "resolved": "https://registry.npmjs.org/function-bind/-/function-bind-1.1.2.tgz",
      "integrity": "sha512-7XHNxH7qX9xG5mIwxkhumTox/MIRNcOgDrxWsMt2pAr23WHp6MrRlN7FBSFpCpr+oVO0F744iUgR82nJMfG2SA==",
      "funding": {
        "url": "https://github.com/sponsors/ljharb"
      }
    },
    "node_modules/hasown": {
      "version": "2.0.2",
      "resolved": "https://registry.npmjs.org/hasown/-/hasown-2.0.2.tgz",
      "integrity": "sha512-0hJU9SCPvmMzIBdZFqNPXWa6dqh7WdH0cII9y+CyS8rG3nL48Bclra9HmKhVVUHyPWNH5Y7xDwAB7bfgSjkUMQ==",
      "dependencies": {
        "function-bind": "^1.1.2"
      },
      "engines": {
        "node": ">= 0.4"
      }
    },
    "node_modules/hyper-nh": {
      "version": "0.0.2",
      "resolved": "https://registry.npmjs.org/hyper-nh/-/hyper-nh-0.0.2.tgz",
      "integrity": "sha512-UKHmvYY6KdtE0gO6K/wr6iaOk9WEGjPVzDTsSBGYXg3nhFN1jW+KZjp4hS09bDYdr+gCVgSPBCVw3DlE8NI0wg==",
      "dependencies": {
        "simple-hyperproxy": "^0.0.3"
      },
      "bin": {
        "hyper-nh": "index.mjs"
      }
    },
    "node_modules/hypercore-crypto": {
      "version": "3.6.1",
      "resolved": "https://registry.npmjs.org/hypercore-crypto/-/hypercore-crypto-3.6.1.tgz",
      "integrity": "sha512-ltIz2uDwy9pO/ZGTvqcjzyBkvt6O4cVm4r/nNxh0GFs/RbQtqP/i4wCvLEdmU7ptgtnw7fI67WYD1aHPuv4OVA==",
      "dependencies": {
        "b4a": "^1.6.6",
        "compact-encoding": "^2.15.0",
        "sodium-universal": "^5.0.0"
      }
    },
    "node_modules/hypercore-crypto/node_modules/sodium-native": {
      "version": "5.0.9",
      "resolved": "https://registry.npmjs.org/sodium-native/-/sodium-native-5.0.9.tgz",
      "integrity": "sha512-6fpu3d6zdrRpLhuV3CDIBO5g90KkgaeR+c3xvDDz0ZnDkAlqbbPhFW7zhMJfsskfZ9SuC3SvBbqvxcECkXRyKw==",
      "dependencies": {
        "require-addon": "^1.1.0",
        "which-runtime": "^1.2.1"
      },
      "engines": {
        "bare": ">=1.16.0"
      }
    },
    "node_modules/hypercore-crypto/node_modules/sodium-universal": {
      "version": "5.0.1",
      "resolved": "https://registry.npmjs.org/sodium-universal/-/sodium-universal-5.0.1.tgz",
      "integrity": "sha512-rv+aH+tnKB5H0MAc2UadHShLMslpJsc4wjdnHRtiSIEYpOetCgu8MS4ExQRia+GL/MK3uuCyZPeEsi+J3h+Q+Q==",
      "dependencies": {
        "sodium-native": "^5.0.1"
      },
      "peerDependencies": {
        "sodium-javascript": "~0.8.0"
      },
      "peerDependenciesMeta": {
        "sodium-javascript": {
          "optional": true
        }
      }
    },
    "node_modules/is-core-module": {
      "version": "2.16.1",
      "resolved": "https://registry.npmjs.org/is-core-module/-/is-core-module-2.16.1.tgz",
      "integrity": "sha512-UfoeMA6fIJ8wTYFEUjelnaGI67v6+N7qXJEvQuIGa99l4xsCruSYOVSQ0uPANn4dAzm8lkYPaKLrrijLq7x23w==",
      "dependencies": {
        "hasown": "^2.0.2"
      },
      "engines": {
        "node": ">= 0.4"
      },
      "funding": {
        "url": "https://github.com/sponsors/ljharb"
      }
    },
    "node_modules/kademlia-routing-table": {
      "version": "1.0.6",
      "resolved": "https://registry.npmjs.org/kademlia-routing-table/-/kademlia-routing-table-1.0.6.tgz",
      "integrity": "sha512-Ve6jwIlUCYvUzBnXnzVRHDZCFgXURW9gmF3r7n05kZs/2rNbLHXwGdcq0qIaSwdmJCvtosgR4JensnVU65hzNQ==",
      "dependencies": {
        "bare-events": "^2.2.0"
      }
    },
    "node_modules/nanoassert": {
      "version": "2.0.0",
      "resolved": "https://registry.npmjs.org/nanoassert/-/nanoassert-2.0.0.tgz",
      "integrity": "sha512-7vO7n28+aYO4J+8w96AzhmU8G+Y/xpPDJz/se19ICsqj/momRbb9mh9ZUtkoJ5X3nTnPdhEJyc0qnM6yAsHBaA=="
    },
    "node_modules/nat-sampler": {
      "version": "1.0.1",
      "resolved": "https://registry.npmjs.org/nat-sampler/-/nat-sampler-1.0.1.tgz",
      "integrity": "sha512-yQvyNN7xbqR8crTKk3U8gRgpcV1Az+vfCEijiHu9oHHsnIl8n3x+yXNHl42M6L3czGynAVoOT9TqBfS87gDdcw=="
    },
    "node_modules/node-gyp-build": {
      "version": "4.8.4",
      "resolved": "https://registry.npmjs.org/node-gyp-build/-/node-gyp-build-4.8.4.tgz",
      "integrity": "sha512-LA4ZjwlnUblHVgq0oBF3Jl/6h/Nvs5fzBLwdEF4nuxnFdsfajde4WfxtJr3CaiH+F6ewcIB/q4jQ4UzPyid+CQ==",
      "bin": {
        "node-gyp-build": "bin.js",
        "node-gyp-build-optional": "optional.js",
        "node-gyp-build-test": "build-test.js"
      }
    },
    "node_modules/noise-curve-ed": {
      "version": "2.1.0",
      "resolved": "https://registry.npmjs.org/noise-curve-ed/-/noise-curve-ed-2.1.0.tgz",
      "integrity": "sha512-zAzJx+VwZM3w6EA1hTmDhJfvAnCeBQn/1FAeZ0LtGxCcCtlAK/uJXQVF/eDVUOaAZ286lHlx77WJ+qj9SmsRRg==",
      "dependencies": {
        "b4a": "^1.1.0",
        "nanoassert": "^2.0.0",
        "sodium-universal": "^5.0.0"
      }
    },
    "node_modules/noise-curve-ed/node_modules/sodium-native": {
      "version": "5.0.9",
      "resolved": "https://registry.npmjs.org/sodium-native/-/sodium-native-5.0.9.tgz",
      "integrity": "sha512-6fpu3d6zdrRpLhuV3CDIBO5g90KkgaeR+c3xvDDz0ZnDkAlqbbPhFW7zhMJfsskfZ9SuC3SvBbqvxcECkXRyKw==",
      "dependencies": {
        "require-addon": "^1.1.0",
        "which-runtime": "^1.2.1"
      },
      "engines": {
        "bare": ">=1.16.0"
      }
    },
    "node_modules/noise-curve-ed/node_modules/sodium-universal": {
      "version": "5.0.1",
      "resolved": "https://registry.npmjs.org/sodium-universal/-/sodium-universal-5.0.1.tgz",
      "integrity": "sha512-rv+aH+tnKB5H0MAc2UadHShLMslpJsc4wjdnHRtiSIEYpOetCgu8MS4ExQRia+GL/MK3uuCyZPeEsi+J3h+Q+Q==",
      "dependencies": {
        "sodium-native": "^5.0.1"
      },
      "peerDependencies": {
        "sodium-javascript": "~0.8.0"
      },
      "peerDependenciesMeta": {
        "sodium-javascript": {
          "optional": true
        }
      }
    },
    "node_modules/noise-handshake": {
      "version": "3.1.0",
      "resolved": "https://registry.npmjs.org/noise-handshake/-/noise-handshake-3.1.0.tgz",
      "integrity": "sha512-0S1qkUvMbTvZCfgr/vSkVT84YyvI4Q0OLwSc5BFxVmjaePrxAwVeXeJDY3A7N/7+qj95gZ15LaNoP9ZnBXH5Lw==",
      "dependencies": {
        "b4a": "^1.1.0",
        "nanoassert": "^2.0.0",
        "sodium-universal": "^4.0.0"
      }
    },
    "node_modules/noise-handshake/node_modules/sodium-native": {
      "version": "4.3.3",
      "resolved": "https://registry.npmjs.org/sodium-native/-/sodium-native-4.3.3.tgz",
      "integrity": "sha512-OnxSlN3uyY8D0EsLHpmm2HOFmKddQVvEMmsakCrXUzSd8kjjbzL413t4ZNF3n0UxSwNgwTyUvkmZHTfuCeiYSw==",
      "dependencies": {
        "require-addon": "^1.1.0"
      }
    },
    "node_modules/noise-handshake/node_modules/sodium-universal": {
      "version": "4.0.1",
      "resolved": "https://registry.npmjs.org/sodium-universal/-/sodium-universal-4.0.1.tgz",
      "integrity": "sha512-sNp13PrxYLaUFHTGoDKkSDFvoEu51bfzE12RwGlqU1fcrkpAOK0NvizaJzOWV0Omtk9me2+Pnbjcf/l0efxuGQ==",
      "dependencies": {
        "sodium-native": "^4.0.0"
      },
      "peerDependencies": {
        "sodium-javascript": "~0.8.0"
      },
      "peerDependenciesMeta": {
        "sodium-javascript": {
          "optional": true
        }
      }
    },
    "node_modules/path-parse": {
      "version": "1.0.7",
      "resolved": "https://registry.npmjs.org/path-parse/-/path-parse-1.0.7.tgz",
      "integrity": "sha512-LDJzPVEEEPR+y48z93A0Ed0yXb8pAByGWo/k5YYdYgpY2/2EsOsksJrq7lOHxryrVOn1ejG6oAp8ahvOIQD8sw=="
    },
    "node_modules/record-cache": {
      "version": "1.2.0",
      "resolved": "https://registry.npmjs.org/record-cache/-/record-cache-1.2.0.tgz",
      "integrity": "sha512-kyy3HWCez2WrotaL3O4fTn0rsIdfRKOdQQcEJ9KpvmKmbffKVvwsloX063EgRUlpJIXHiDQFhJcTbZequ2uTZw==",
      "dependencies": {
        "b4a": "^1.3.1"
      }
    },
    "node_modules/require-addon": {
      "version": "1.1.0",
      "resolved": "https://registry.npmjs.org/require-addon/-/require-addon-1.1.0.tgz",
      "integrity": "sha512-KbXAD5q2+v1GJnkzd8zzbOxchTkStSyJZ9QwoCq3QwEXAaIlG3wDYRZGzVD357jmwaGY7hr5VaoEAL0BkF0Kvg==",
      "dependencies": {
        "bare-addon-resolve": "^1.3.0",
        "bare-url": "^2.1.0"
      },
      "engines": {
        "bare": ">=1.10.0"
      }
    },
    "node_modules/resolve": {
      "version": "1.22.11",
      "resolved": "https://registry.npmjs.org/resolve/-/resolve-1.22.11.tgz",
      "integrity": "sha512-RfqAvLnMl313r7c9oclB1HhUEAezcpLjz95wFH4LVuhk9JF/r22qmVP9AMmOU4vMX7Q8pN8jwNg/CSpdFnMjTQ==",
      "dependencies": {
        "is-core-module": "^2.16.1",
        "path-parse": "^1.0.7",
        "supports-preserve-symlinks-flag": "^1.0.0"
      },
      "bin": {
        "resolve": "bin/resolve"
      },
      "engines": {
        "node": ">= 0.4"
      },
      "funding": {
        "url": "https://github.com/sponsors/ljharb"
      }
    },
    "node_modules/safety-catch": {
      "version": "1.0.2",
      "resolved": "https://registry.npmjs.org/safety-catch/-/safety-catch-1.0.2.tgz",
      "integrity": "sha512-C1UYVZ4dtbBxEtvOcpjBaaD27nP8MlvyAQEp2fOTOEe6pfUpk1cDUxij6BR1jZup6rSyUTaBBplK7LanskrULA=="
    },
    "node_modules/sha256-universal": {
      "version": "1.2.1",
      "resolved": "https://registry.npmjs.org/sha256-universal/-/sha256-universal-1.2.1.tgz",
      "integrity": "sha512-ghn3muhdn1ailCQqqceNxRgkOeZSVfSE13RQWEg6njB+itsFzGVSJv+O//2hvNXZuxVIRyNzrgsZ37SPDdGJJw==",
      "dependencies": {
        "b4a": "^1.0.1",
        "sha256-wasm": "^2.2.1"
      }
    },
    "node_modules/sha256-wasm": {
      "version": "2.2.2",
      "resolved": "https://registry.npmjs.org/sha256-wasm/-/sha256-wasm-2.2.2.tgz",
      "integrity": "sha512-qKSGARvao+JQlFiA+sjJZhJ/61gmW/3aNLblB2rsgIxDlDxsJPHo8a1seXj12oKtuHVgJSJJ7QEGBUYQN741lQ==",
      "dependencies": {
        "b4a": "^1.0.1",
        "nanoassert": "^2.0.0"
      }
    },
    "node_modules/sha512-universal": {
      "version": "1.2.1",
      "resolved": "https://registry.npmjs.org/sha512-universal/-/sha512-universal-1.2.1.tgz",
      "integrity": "sha512-kehYuigMoRkIngCv7rhgruLJNNHDnitGTBdkcYbCbooL8Cidj/bS78MDxByIjcc69M915WxcQTgZetZ1JbeQTQ==",
      "dependencies": {
        "b4a": "^1.0.1",
        "sha512-wasm": "^2.3.1"
      }
    },
    "node_modules/sha512-wasm": {
      "version": "2.3.4",
      "resolved": "https://registry.npmjs.org/sha512-wasm/-/sha512-wasm-2.3.4.tgz",
      "integrity": "sha512-akWoxJPGCB3aZCrZ+fm6VIFhJ/p8idBv7AWGFng/CZIrQo51oQNsvDbTSRXWAzIiZJvpy16oIDiCCPqTe21sKg==",
      "dependencies": {
        "b4a": "^1.0.1",
        "nanoassert": "^2.0.0"
      }
    },
    "node_modules/simple-hyperproxy": {
      "version": "0.0.3",
      "resolved": "https://registry.npmjs.org/simple-hyperproxy/-/simple-hyperproxy-0.0.3.tgz",
      "integrity": "sha512-AaPQKTqT5NXtldjPdCA90xLgCV+mkbecAVnmu5ExgnAuAOyydJdDLevd/6jdeAHrCayF0upizDFqF4hyUvKaSQ==",
      "dependencies": {
        "@hyperswarm/dht": "^6.2.0",
        "b4a": "^1.5.3",
        "sodium-universal": "^3.1.0",
        "streamx": "^2.12.4"
      },
      "bin": {
        "simple-hyperproxy": "bin.mjs"
      }
    },
    "node_modules/siphash24": {
      "version": "1.3.1",
      "resolved": "https://registry.npmjs.org/siphash24/-/siphash24-1.3.1.tgz",
      "integrity": "sha512-moemC3ZKiTzH29nbFo3Iw8fbemWWod4vNs/WgKbQ54oEs6mE6XVlguxvinYjB+UmaE0PThgyED9fUkWvirT8hA==",
      "dependencies": {
        "nanoassert": "^2.0.0"
      }
    },
    "node_modules/sodium-javascript": {
      "version": "0.8.0",
      "resolved": "https://registry.npmjs.org/sodium-javascript/-/sodium-javascript-0.8.0.tgz",
      "integrity": "sha512-rEBzR5mPxPES+UjyMDvKPIXy9ImF17KOJ32nJNi9uIquWpS/nfj+h6m05J5yLJaGXjgM72LmQoUbWZVxh/rmGg==",
      "dependencies": {
        "blake2b": "^2.1.1",
        "chacha20-universal": "^1.0.4",
        "nanoassert": "^2.0.0",
        "sha256-universal": "^1.1.0",
        "sha512-universal": "^1.1.0",
        "siphash24": "^1.0.1",
        "xsalsa20": "^1.0.0"
      }
    },
    "node_modules/sodium-native": {
      "version": "3.4.1",
      "resolved": "https://registry.npmjs.org/sodium-native/-/sodium-native-3.4.1.tgz",
      "integrity": "sha512-PaNN/roiFWzVVTL6OqjzYct38NSXewdl2wz8SRB51Br/MLIJPrbM3XexhVWkq7D3UWMysfrhKVf1v1phZq6MeQ==",
      "hasInstallScript": true,
      "dependencies": {
        "node-gyp-build": "^4.3.0"
      }
    },
    "node_modules/sodium-secretstream": {
      "version": "1.2.0",
      "resolved": "https://registry.npmjs.org/sodium-secretstream/-/sodium-secretstream-1.2.0.tgz",
      "integrity": "sha512-q/DbraNFXm1KfCiiZvapmz5UC3OlpirYFIvBK2MhGaOFSb3gRyk8OXTi17UI9SGfshQNCpsVvlopogbzZNyW6Q==",
      "dependencies": {
        "b4a": "^1.1.1",
        "sodium-universal": "^5.0.0"
      }
    },
    "node_modules/sodium-secretstream/node_modules/sodium-native": {
      "version": "5.0.9",
      "resolved": "https://registry.npmjs.org/sodium-native/-/sodium-native-5.0.9.tgz",
      "integrity": "sha512-6fpu3d6zdrRpLhuV3CDIBO5g90KkgaeR+c3xvDDz0ZnDkAlqbbPhFW7zhMJfsskfZ9SuC3SvBbqvxcECkXRyKw==",
      "dependencies": {
        "require-addon": "^1.1.0",
        "which-runtime": "^1.2.1"
      },
      "engines": {
        "bare": ">=1.16.0"
      }
    },
    "node_modules/sodium-secretstream/node_modules/sodium-universal": {
      "version": "5.0.1",
      "resolved": "https://registry.npmjs.org/sodium-universal/-/sodium-universal-5.0.1.tgz",
      "integrity": "sha512-rv+aH+tnKB5H0MAc2UadHShLMslpJsc4wjdnHRtiSIEYpOetCgu8MS4ExQRia+GL/MK3uuCyZPeEsi+J3h+Q+Q==",
      "dependencies": {
        "sodium-native": "^5.0.1"
      },
      "peerDependencies": {
        "sodium-javascript": "~0.8.0"
      },
      "peerDependenciesMeta": {
        "sodium-javascript": {
          "optional": true
        }
      }
    },
    "node_modules/sodium-universal": {
      "version": "3.1.0",
      "resolved": "https://registry.npmjs.org/sodium-universal/-/sodium-universal-3.1.0.tgz",
      "integrity": "sha512-N2gxk68Kg2qZLSJ4h0NffEhp4BjgWHCHXVlDi1aG1hA3y+ZeWEmHqnpml8Hy47QzfL1xLy5nwr9LcsWAg2Ep0A==",
      "dependencies": {
        "blake2b": "^2.1.1",
        "chacha20-universal": "^1.0.4",
        "nanoassert": "^2.0.0",
        "resolve": "^1.17.0",
        "sha256-universal": "^1.1.0",
        "sha512-universal": "^1.1.0",
        "siphash24": "^1.0.1",
        "sodium-javascript": "~0.8.0",
        "sodium-native": "^3.2.0",
        "xsalsa20": "^1.0.0"
      }
    },
    "node_modules/streamx": {
      "version": "2.23.0",
      "resolved": "https://registry.npmjs.org/streamx/-/streamx-2.23.0.tgz",
      "integrity": "sha512-kn+e44esVfn2Fa/O0CPFcex27fjIL6MkVae0Mm6q+E6f0hWv578YCERbv+4m02cjxvDsPKLnmxral/rR6lBMAg==",
      "dependencies": {
        "events-universal": "^1.0.0",
        "fast-fifo": "^1.3.2",
        "text-decoder": "^1.1.0"
      }
    },
    "node_modules/supports-preserve-symlinks-flag": {
      "version": "1.0.0",
      "resolved": "https://registry.npmjs.org/supports-preserve-symlinks-flag/-/supports-preserve-symlinks-flag-1.0.0.tgz",
      "integrity": "sha512-ot0WnXS9fgdkgIcePe6RHNk1WA8+muPa6cSjeR3V8K27q9BB1rTE3R1p7Hv0z1ZyAc8s6Vvv8DIyWf681MAt0w==",
      "engines": {
        "node": ">= 0.4"
      },
      "funding": {
        "url": "https://github.com/sponsors/ljharb"
      }
    },
    "node_modules/text-decoder": {
      "version": "1.2.3",
      "resolved": "https://registry.npmjs.org/text-decoder/-/text-decoder-1.2.3.tgz",
      "integrity": "sha512-3/o9z3X0X0fTupwsYvR03pJ/DjWuqqrfwBgTQzdWDiQSm9KitAyz/9WqsT2JQW7KV2m+bC2ol/zqpW37NHxLaA==",
      "dependencies": {
        "b4a": "^1.6.4"
      }
    },
    "node_modules/time-ordered-set": {
      "version": "2.0.1",
      "resolved": "https://registry.npmjs.org/time-ordered-set/-/time-ordered-set-2.0.1.tgz",
      "integrity": "sha512-VJEKmgSN2UiOLB8BpN8Sh2b9LGMHTP5OPrQRpnKjvOheOyzk0mufbjzjKTIG2gO4A+Y+vDJ+0TcLbpUmMLsg8A=="
    },
    "node_modules/timeout-refresh": {
      "version": "2.0.1",
      "resolved": "https://registry.npmjs.org/timeout-refresh/-/timeout-refresh-2.0.1.tgz",
      "integrity": "sha512-SVqEcMZBsZF9mA78rjzCrYrUs37LMJk3ShZ851ygZYW1cMeIjs9mL57KO6Iv5mmjSQnOe/29/VAfGXo+oRCiVw=="
    },
    "node_modules/udx-native": {
      "version": "1.19.2",
      "resolved": "https://registry.npmjs.org/udx-native/-/udx-native-1.19.2.tgz",
      "integrity": "sha512-RNYh+UhfryCsF5hE2ZOuIqcZ+qdipXK3UsarwxWJwsUQZFE3ybwz0mPjwb5ev1PMBcjFahWiepS/q0wwL51c2g==",
      "dependencies": {
        "b4a": "^1.5.0",
        "bare-events": "^2.2.0",
        "require-addon": "^1.1.0",
        "streamx": "^2.22.0"
      },
      "engines": {
        "bare": ">=1.17.4"
      }
    },
    "node_modules/unslab": {
      "version": "1.3.0",
      "resolved": "https://registry.npmjs.org/unslab/-/unslab-1.3.0.tgz",
      "integrity": "sha512-YATkfKAFj47kTzmiQrWXMyRvaVrHsW6MEALa4bm+FhiA2YG4oira+Z3DXN6LrYOYn2Y8eO94Lwl9DOHjs1FpoQ==",
      "dependencies": {
        "b4a": "^1.6.6"
      }
    },
    "node_modules/which-runtime": {
      "version": "1.3.2",
      "resolved": "https://registry.npmjs.org/which-runtime/-/which-runtime-1.3.2.tgz",
      "integrity": "sha512-5kwCfWml7+b2NO7KrLMhYihjRx0teKkd3yGp1Xk5Vaf2JGdSh+rgVhEALAD9c/59dP+YwJHXoEO7e8QPy7gOkw=="
    },
    "node_modules/xache": {
      "version": "1.2.1",
      "resolved": "https://registry.npmjs.org/xache/-/xache-1.2.1.tgz",
      "integrity": "sha512-igRS6jPreJ54ABdzhh4mCDXcz+XMaWO2q1ABRV2yWYuk29jlp8VT7UBdCqNkX7rpYBbXsebVVKkwIuYZjyZNqA=="
    },
    "node_modules/xkcd": {
      "version": "1.1.3",
      "resolved": "https://registry.npmjs.org/xkcd/-/xkcd-1.1.3.tgz",
      "integrity": "sha512-sZLzELqXSrOwdsOIpd9Lzs87g2CYmwgt/3DWYrmkggJeHvNju1jDxiMtVs4k+rh56cetaQRgpE/FAJmfHYD+Sg==",
      "bin": {
        "xkcd": "bin/xkcd.js"
      }
    },
    "node_modules/xsalsa20": {
      "version": "1.2.0",
      "resolved": "https://registry.npmjs.org/xsalsa20/-/xsalsa20-1.2.0.tgz",
      "integrity": "sha512-FIr/DEeoHfj7ftfylnoFt3rAIRoWXpx2AoDfrT2qD2wtp7Dp+COajvs/Icb7uHqRW9m60f5iXZwdsJJO3kvb7w=="
    }
  }
}
