{
  "name": "mult213 assignment ",
  "version": "1.0.0",
  "lockfileVersion": 3,
  "requires": true,
  "packages": {
    "": {
      "name": "mult213 assignment ",
      "version": "1.0.0",
      "license": "ISC",
      "dependencies": {
        "@neth4ck/neth4ck": "^1.0.4"
      }
    },
    "node_modules/@neth4ck/neth4ck": {
      "version": "1.0.4",
      "resolved": "https://registry.npmjs.org/@neth4ck/neth4ck/-/neth4ck-1.0.4.tgz",
      "integrity": "sha512-g1egaCvLa7qAcMJSNlDzciN4rMiWxuc7HIiLuidAmSC4/y8ayEtNz3pxDzuccpE7rmBtlTorZIm02zTBC8zkHw=="
    }
  }
}
